
Microsoft Visual Studio Solution File, Format Version 12.00
Project("{FAE04EC0-301F-11D3-BF4B-00C04F79EFBC}") = "Tiny42sh", "Tiny42sh.csproj", "{77D20F42-7908-4159-A7FC-4BA94ADB4740}"
EndProject
Global
	GlobalSection(SolutionConfigurationPlatforms) = preSolution
		Debug|Any CPU = Debug|Any CPU
		Release|Any CPU = Release|Any CPU
	EndGlobalSection
	GlobalSection(ProjectConfigurationPlatforms) = postSolution
		{77D20F42-7908-4159-A7FC-4BA94ADB4740}.Debug|Any CPU.ActiveCfg = Debug|Any CPU
		{77D20F42-7908-4159-A7FC-4BA94ADB4740}.Debug|Any CPU.Build.0 = Debug|Any CPU
		{77D20F42-7908-4159-A7FC-4BA94ADB4740}.Release|Any CPU.ActiveCfg = Release|Any CPU
		{77D20F42-7908-4159-A7FC-4BA94ADB4740}.Release|Any CPU.Build.0 = Release|Any CPU
	EndGlobalSection
EndGlobal
