
Microsoft Visual Studio Solution File, Format Version 12.00
Project("{FAE04EC0-301F-11D3-BF4B-00C04F79EFBC}") = "Godsgifts", "Godsgifts\Godsgifts.csproj", "{4E2D755D-4A8D-4F96-981C-3EA81EFC175B}"
EndProject
Global
	GlobalSection(SolutionConfigurationPlatforms) = preSolution
		Debug|Any CPU = Debug|Any CPU
		Release|Any CPU = Release|Any CPU
	EndGlobalSection
	GlobalSection(ProjectConfigurationPlatforms) = postSolution
		{4E2D755D-4A8D-4F96-981C-3EA81EFC175B}.Debug|Any CPU.ActiveCfg = Debug|Any CPU
		{4E2D755D-4A8D-4F96-981C-3EA81EFC175B}.Debug|Any CPU.Build.0 = Debug|Any CPU
		{4E2D755D-4A8D-4F96-981C-3EA81EFC175B}.Release|Any CPU.ActiveCfg = Release|Any CPU
		{4E2D755D-4A8D-4F96-981C-3EA81EFC175B}.Release|Any CPU.Build.0 = Release|Any CPU
	EndGlobalSection
EndGlobal
