
Microsoft Visual Studio Solution File, Format Version 12.00
Project("{FAE04EC0-301F-11D3-BF4B-00C04F79EFBC}") = "Bandersnatch", "Bandersnatch.csproj", "{AB2FFD6F-629B-47D1-A8BD-4BCCA47E20F2}"
EndProject
Global
	GlobalSection(SolutionConfigurationPlatforms) = preSolution
		Debug|Any CPU = Debug|Any CPU
		Release|Any CPU = Release|Any CPU
	EndGlobalSection
	GlobalSection(ProjectConfigurationPlatforms) = postSolution
		{AB2FFD6F-629B-47D1-A8BD-4BCCA47E20F2}.Debug|Any CPU.ActiveCfg = Debug|Any CPU
		{AB2FFD6F-629B-47D1-A8BD-4BCCA47E20F2}.Debug|Any CPU.Build.0 = Debug|Any CPU
		{AB2FFD6F-629B-47D1-A8BD-4BCCA47E20F2}.Release|Any CPU.ActiveCfg = Release|Any CPU
		{AB2FFD6F-629B-47D1-A8BD-4BCCA47E20F2}.Release|Any CPU.Build.0 = Release|Any CPU
	EndGlobalSection
EndGlobal
